// !$*UTF8*$!
{
	archiveVersion = 1;
	classes = {
	};
	objectVersion = 50;
	objects = {

/* Begin PBXBuildFile section */
		FA1D73C423FA972F00E96D57 /* AppDelegate.swift in Sources */ = {isa = PBXBuildFile; fileRef = FA1D73C323FA972F00E96D57 /* AppDelegate.swift */; };
		FA1D73C623FA972F00E96D57 /* SceneDelegate.swift in Sources */ = {isa = PBXBuildFile; fileRef = FA1D73C523FA972F00E96D57 /* SceneDelegate.swift */; };
		FA1D73C823FA972F00E96D57 /* ViewController.swift in Sources */ = {isa = PBXBuildFile; fileRef = FA1D73C723FA972F00E96D57 /* ViewController.swift */; };
		FA1D73CB23FA972F00E96D57 /* Main.storyboard in Resources */ = {isa = PBXBuildFile; fileRef = FA1D73C923FA972F00E96D57 /* Main.storyboard */; };
		FA1D73CD23FA973400E96D57 /* Assets.xcassets in Resources */ = {isa = PBXBuildFile; fileRef = FA1D73CC23FA973400E96D57 /* Assets.xcassets */; };
		FA1D73D023FA973400E96D57 /* LaunchScreen.storyboard in Resources */ = {isa = PBXBuildFile; fileRef = FA1D73CE23FA973400E96D57 /* LaunchScreen.storyboard */; };
		FA1D73DB23FA973500E96D57 /* BankAccountTests.swift in Sources */ = {isa = PBXBuildFile; fileRef = FA1D73DA23FA973500E96D57 /* BankAccountTests.swift */; };
		FA1D73E623FA97AC00E96D57 /* AccountOwnerTests.swift in Sources */ = {isa = PBXBuildFile; fileRef = FA1D73E523FA97AC00E96D57 /* AccountOwnerTests.swift */; };
		FA1D73E823FA9E0700E96D57 /* AccountOwner.swift in Sources */ = {isa = PBXBuildFile; fileRef = FA1D73E723FA9E0700E96D57 /* AccountOwner.swift */; };
		FA1D73EB23FAAAC800E96D57 /* FirstNameValidatorTests.swift in Sources */ = {isa = PBXBuildFile; fileRef = FA1D73EA23FAAAC800E96D57 /* FirstNameValidatorTests.swift */; };
		FA1D73ED23FABBF200E96D57 /* FirstNameValidator.swift in Sources */ = {isa = PBXBuildFile; fileRef = FA1D73EC23FABBF200E96D57 /* FirstNameValidator.swift */; };
		FA1D73EF23FABF3B00E96D57 /* LastNameValidatorTests.swift in Sources */ = {isa = PBXBuildFile; fileRef = FA1D73EE23FABF3B00E96D57 /* LastNameValidatorTests.swift */; };
		FA1D73F123FAC11A00E96D57 /* LastNameValidator.swift in Sources */ = {isa = PBXBuildFile; fileRef = FA1D73F023FAC11A00E96D57 /* LastNameValidator.swift */; };
		FA1D73F323FAC1F700E96D57 /* EmailAddressValidatorTests.swift in Sources */ = {isa = PBXBuildFile; fileRef = FA1D73F223FAC1F700E96D57 /* EmailAddressValidatorTests.swift */; };
		FA1D73F523FAC28B00E96D57 /* EmailAddressValidator.swift in Sources */ = {isa = PBXBuildFile; fileRef = FA1D73F423FAC28B00E96D57 /* EmailAddressValidator.swift */; };
		FA37776A23FCFC2E0070A7E6 /* MockLastNameValidator.swift in Sources */ = {isa = PBXBuildFile; fileRef = FA37776923FCFC2E0070A7E6 /* MockLastNameValidator.swift */; };
		FA37776C23FCFC920070A7E6 /* MockEmailAddressValidator.swift in Sources */ = {isa = PBXBuildFile; fileRef = FA37776B23FCFC920070A7E6 /* MockEmailAddressValidator.swift */; };
		FA37776E23FD00C40070A7E6 /* Transaction.swift in Sources */ = {isa = PBXBuildFile; fileRef = FA37776D23FD00C40070A7E6 /* Transaction.swift */; };
		FA37777023FD02350070A7E6 /* BankAccount.swift in Sources */ = {isa = PBXBuildFile; fileRef = FA37776F23FD02350070A7E6 /* BankAccount.swift */; };
		FA37777223FD03CF0070A7E6 /* AccountNameValidator.swift in Sources */ = {isa = PBXBuildFile; fileRef = FA37777123FD03CF0070A7E6 /* AccountNameValidator.swift */; };
		FA37777423FD053D0070A7E6 /* AccountNumberValidator.swift in Sources */ = {isa = PBXBuildFile; fileRef = FA37777323FD053D0070A7E6 /* AccountNumberValidator.swift */; };
		FA37777623FD075A0070A7E6 /* SortingCodeValidator.swift in Sources */ = {isa = PBXBuildFile; fileRef = FA37777523FD075A0070A7E6 /* SortingCodeValidator.swift */; };
		FA37777823FD09E60070A7E6 /* TransactionDescriptionValidator.swift in Sources */ = {isa = PBXBuildFile; fileRef = FA37777723FD09E60070A7E6 /* TransactionDescriptionValidator.swift */; };
		FA37777A23FD0A660070A7E6 /* AmountValidator.swift in Sources */ = {isa = PBXBuildFile; fileRef = FA37777923FD0A660070A7E6 /* AmountValidator.swift */; };
		FA3970A023FBEDAE0054A86B /* MockFirstNameValidator.swift in Sources */ = {isa = PBXBuildFile; fileRef = FA39709F23FBEDAE0054A86B /* MockFirstNameValidator.swift */; };
/* End PBXBuildFile section */

/* Begin PBXContainerItemProxy section */
		FA1D73D723FA973500E96D57 /* PBXContainerItemProxy */ = {
			isa = PBXContainerItemProxy;
			containerPortal = FA1D73B823FA972F00E96D57 /* Project object */;
			proxyType = 1;
			remoteGlobalIDString = FA1D73BF23FA972F00E96D57;
			remoteInfo = BankAccount;
		};
/* End PBXContainerItemProxy section */

/* Begin PBXFileReference section */
		FA1D73C023FA972F00E96D57 /* BankAccount.app */ = {isa = PBXFileReference; explicitFileType = wrapper.application; includeInIndex = 0; path = BankAccount.app; sourceTree = BUILT_PRODUCTS_DIR; };
		FA1D73C323FA972F00E96D57 /* AppDelegate.swift */ = {isa = PBXFileReference; lastKnownFileType = sourcecode.swift; path = AppDelegate.swift; sourceTree = "<group>"; };
		FA1D73C523FA972F00E96D57 /* SceneDelegate.swift */ = {isa = PBXFileReference; lastKnownFileType = sourcecode.swift; path = SceneDelegate.swift; sourceTree = "<group>"; };
		FA1D73C723FA972F00E96D57 /* ViewController.swift */ = {isa = PBXFileReference; lastKnownFileType = sourcecode.swift; path = ViewController.swift; sourceTree = "<group>"; };
		FA1D73CA23FA972F00E96D57 /* Base */ = {isa = PBXFileReference; lastKnownFileType = file.storyboard; name = Base; path = Base.lproj/Main.storyboard; sourceTree = "<group>"; };
		FA1D73CC23FA973400E96D57 /* Assets.xcassets */ = {isa = PBXFileReference; lastKnownFileType = folder.assetcatalog; path = Assets.xcassets; sourceTree = "<group>"; };
		FA1D73CF23FA973400E96D57 /* Base */ = {isa = PBXFileReference; lastKnownFileType = file.storyboard; name = Base; path = Base.lproj/LaunchScreen.storyboard; sourceTree = "<group>"; };
		FA1D73D123FA973400E96D57 /* Info.plist */ = {isa = PBXFileReference; lastKnownFileType = text.plist.xml; path = Info.plist; sourceTree = "<group>"; };
		FA1D73D623FA973500E96D57 /* BankAccountTests.xctest */ = {isa = PBXFileReference; explicitFileType = wrapper.cfbundle; includeInIndex = 0; path = BankAccountTests.xctest; sourceTree = BUILT_PRODUCTS_DIR; };
		FA1D73DA23FA973500E96D57 /* BankAccountTests.swift */ = {isa = PBXFileReference; lastKnownFileType = sourcecode.swift; path = BankAccountTests.swift; sourceTree = "<group>"; };
		FA1D73DC23FA973500E96D57 /* Info.plist */ = {isa = PBXFileReference; lastKnownFileType = text.plist.xml; path = Info.plist; sourceTree = "<group>"; };
		FA1D73E523FA97AC00E96D57 /* AccountOwnerTests.swift */ = {isa = PBXFileReference; lastKnownFileType = sourcecode.swift; path = AccountOwnerTests.swift; sourceTree = "<group>"; };
		FA1D73E723FA9E0700E96D57 /* AccountOwner.swift */ = {isa = PBXFileReference; lastKnownFileType = sourcecode.swift; path = AccountOwner.swift; sourceTree = "<group>"; };
		FA1D73EA23FAAAC800E96D57 /* FirstNameValidatorTests.swift */ = {isa = PBXFileReference; lastKnownFileType = sourcecode.swift; path = FirstNameValidatorTests.swift; sourceTree = "<group>"; };
		FA1D73EC23FABBF200E96D57 /* FirstNameValidator.swift */ = {isa = PBXFileReference; lastKnownFileType = sourcecode.swift; path = FirstNameValidator.swift; sourceTree = "<group>"; };
		FA1D73EE23FABF3B00E96D57 /* LastNameValidatorTests.swift */ = {isa = PBXFileReference; lastKnownFileType = sourcecode.swift; path = LastNameValidatorTests.swift; sourceTree = "<group>"; };
		FA1D73F023FAC11A00E96D57 /* LastNameValidator.swift */ = {isa = PBXFileReference; lastKnownFileType = sourcecode.swift; path = LastNameValidator.swift; sourceTree = "<group>"; };
		FA1D73F223FAC1F700E96D57 /* EmailAddressValidatorTests.swift */ = {isa = PBXFileReference; lastKnownFileType = sourcecode.swift; path = EmailAddressValidatorTests.swift; sourceTree = "<group>"; };
		FA1D73F423FAC28B00E96D57 /* EmailAddressValidator.swift */ = {isa = PBXFileReference; lastKnownFileType = sourcecode.swift; path = EmailAddressValidator.swift; sourceTree = "<group>"; };
		FA37776923FCFC2E0070A7E6 /* MockLastNameValidator.swift */ = {isa = PBXFileReference; lastKnownFileType = sourcecode.swift; path = MockLastNameValidator.swift; sourceTree = "<group>"; };
		FA37776B23FCFC920070A7E6 /* MockEmailAddressValidator.swift */ = {isa = PBXFileReference; lastKnownFileType = sourcecode.swift; path = MockEmailAddressValidator.swift; sourceTree = "<group>"; };
		FA37776D23FD00C40070A7E6 /* Transaction.swift */ = {isa = PBXFileReference; lastKnownFileType = sourcecode.swift; path = Transaction.swift; sourceTree = "<group>"; };
		FA37776F23FD02350070A7E6 /* BankAccount.swift */ = {isa = PBXFileReference; lastKnownFileType = sourcecode.swift; path = BankAccount.swift; sourceTree = "<group>"; };
		FA37777123FD03CF0070A7E6 /* AccountNameValidator.swift */ = {isa = PBXFileReference; lastKnownFileType = sourcecode.swift; path = AccountNameValidator.swift; sourceTree = "<group>"; };
		FA37777323FD053D0070A7E6 /* AccountNumberValidator.swift */ = {isa = PBXFileReference; lastKnownFileType = sourcecode.swift; path = AccountNumberValidator.swift; sourceTree = "<group>"; };
		FA37777523FD075A0070A7E6 /* SortingCodeValidator.swift */ = {isa = PBXFileReference; lastKnownFileType = sourcecode.swift; path = SortingCodeValidator.swift; sourceTree = "<group>"; };
		FA37777723FD09E60070A7E6 /* TransactionDescriptionValidator.swift */ = {isa = PBXFileReference; lastKnownFileType = sourcecode.swift; path = TransactionDescriptionValidator.swift; sourceTree = "<group>"; };
		FA37777923FD0A660070A7E6 /* AmountValidator.swift */ = {isa = PBXFileReference; lastKnownFileType = sourcecode.swift; path = AmountValidator.swift; sourceTree = "<group>"; };
		FA39709F23FBEDAE0054A86B /* MockFirstNameValidator.swift */ = {isa = PBXFileReference; lastKnownFileType = sourcecode.swift; path = MockFirstNameValidator.swift; sourceTree = "<group>"; };
/* End PBXFileReference section */

/* Begin PBXFrameworksBuildPhase section */
		FA1D73BD23FA972F00E96D57 /* Frameworks */ = {
			isa = PBXFrameworksBuildPhase;
			buildActionMask = 2147483647;
			files = (
			);
			runOnlyForDeploymentPostprocessing = 0;
		};
		FA1D73D323FA973500E96D57 /* Frameworks */ = {
			isa = PBXFrameworksBuildPhase;
			buildActionMask = 2147483647;
			files = (
			);
			runOnlyForDeploymentPostprocessing = 0;
		};
/* End PBXFrameworksBuildPhase section */

/* Begin PBXGroup section */
		FA1D73B723FA972F00E96D57 = {
			isa = PBXGroup;
			children = (
				FA1D73C223FA972F00E96D57 /* BankAccount */,
				FA1D73D923FA973500E96D57 /* BankAccountTests */,
				FA1D73C123FA972F00E96D57 /* Products */,
			);
			sourceTree = "<group>";
		};
		FA1D73C123FA972F00E96D57 /* Products */ = {
			isa = PBXGroup;
			children = (
				FA1D73C023FA972F00E96D57 /* BankAccount.app */,
				FA1D73D623FA973500E96D57 /* BankAccountTests.xctest */,
			);
			name = Products;
			sourceTree = "<group>";
		};
		FA1D73C223FA972F00E96D57 /* BankAccount */ = {
			isa = PBXGroup;
			children = (
				FA1D73C323FA972F00E96D57 /* AppDelegate.swift */,
				FA1D73C523FA972F00E96D57 /* SceneDelegate.swift */,
				FA1D73C723FA972F00E96D57 /* ViewController.swift */,
				FA1D73C923FA972F00E96D57 /* Main.storyboard */,
				FA1D73CC23FA973400E96D57 /* Assets.xcassets */,
				FA1D73CE23FA973400E96D57 /* LaunchScreen.storyboard */,
				FA1D73D123FA973400E96D57 /* Info.plist */,
				FA1D73E923FA9E4E00E96D57 /* Model */,
			);
			path = BankAccount;
			sourceTree = "<group>";
		};
		FA1D73D923FA973500E96D57 /* BankAccountTests */ = {
			isa = PBXGroup;
			children = (
				FA39709E23FBED140054A86B /* Mocks */,
				FA1D73DA23FA973500E96D57 /* BankAccountTests.swift */,
				FA1D73DC23FA973500E96D57 /* Info.plist */,
				FA1D73E523FA97AC00E96D57 /* AccountOwnerTests.swift */,
				FA1D73EA23FAAAC800E96D57 /* FirstNameValidatorTests.swift */,
				FA1D73EE23FABF3B00E96D57 /* LastNameValidatorTests.swift */,
				FA1D73F223FAC1F700E96D57 /* EmailAddressValidatorTests.swift */,
			);
			path = BankAccountTests;
			sourceTree = "<group>";
		};
		FA1D73E923FA9E4E00E96D57 /* Model */ = {
			isa = PBXGroup;
			children = (
				FA1D73E723FA9E0700E96D57 /* AccountOwner.swift */,
				FA1D73EC23FABBF200E96D57 /* FirstNameValidator.swift */,
				FA1D73F023FAC11A00E96D57 /* LastNameValidator.swift */,
				FA1D73F423FAC28B00E96D57 /* EmailAddressValidator.swift */,
				FA37776D23FD00C40070A7E6 /* Transaction.swift */,
				FA37776F23FD02350070A7E6 /* BankAccount.swift */,
				FA37777123FD03CF0070A7E6 /* AccountNameValidator.swift */,
				FA37777323FD053D0070A7E6 /* AccountNumberValidator.swift */,
				FA37777523FD075A0070A7E6 /* SortingCodeValidator.swift */,
				FA37777723FD09E60070A7E6 /* TransactionDescriptionValidator.swift */,
				FA37777923FD0A660070A7E6 /* AmountValidator.swift */,
			);
			path = Model;
			sourceTree = "<group>";
		};
		FA39709E23FBED140054A86B /* Mocks */ = {
			isa = PBXGroup;
			children = (
				FA39709F23FBEDAE0054A86B /* MockFirstNameValidator.swift */,
				FA37776923FCFC2E0070A7E6 /* MockLastNameValidator.swift */,
				FA37776B23FCFC920070A7E6 /* MockEmailAddressValidator.swift */,
			);
			path = Mocks;
			sourceTree = "<group>";
		};
/* End PBXGroup section */

/* Begin PBXNativeTarget section */
		FA1D73BF23FA972F00E96D57 /* BankAccount */ = {
			isa = PBXNativeTarget;
			buildConfigurationList = FA1D73DF23FA973500E96D57 /* Build configuration list for PBXNativeTarget "BankAccount" */;
			buildPhases = (
				FA1D73BC23FA972F00E96D57 /* Sources */,
				FA1D73BD23FA972F00E96D57 /* Frameworks */,
				FA1D73BE23FA972F00E96D57 /* Resources */,
			);
			buildRules = (
			);
			dependencies = (
			);
			name = BankAccount;
			productName = BankAccount;
			productReference = FA1D73C023FA972F00E96D57 /* BankAccount.app */;
			productType = "com.apple.product-type.application";
		};
		FA1D73D523FA973500E96D57 /* BankAccountTests */ = {
			isa = PBXNativeTarget;
			buildConfigurationList = FA1D73E223FA973500E96D57 /* Build configuration list for PBXNativeTarget "BankAccountTests" */;
			buildPhases = (
				FA1D73D223FA973500E96D57 /* Sources */,
				FA1D73D323FA973500E96D57 /* Frameworks */,
				FA1D73D423FA973500E96D57 /* Resources */,
			);
			buildRules = (
			);
			dependencies = (
				FA1D73D823FA973500E96D57 /* PBXTargetDependency */,
			);
			name = BankAccountTests;
			productName = BankAccountTests;
			productReference = FA1D73D623FA973500E96D57 /* BankAccountTests.xctest */;
			productType = "com.apple.product-type.bundle.unit-test";
		};
/* End PBXNativeTarget section */

/* Begin PBXProject section */
		FA1D73B823FA972F00E96D57 /* Project object */ = {
			isa = PBXProject;
			attributes = {
				LastSwiftUpdateCheck = 1130;
				LastUpgradeCheck = 1130;
				ORGANIZATIONNAME = Saini;
				TargetAttributes = {
					FA1D73BF23FA972F00E96D57 = {
						CreatedOnToolsVersion = 11.3.1;
					};
					FA1D73D523FA973500E96D57 = {
						CreatedOnToolsVersion = 11.3.1;
						TestTargetID = FA1D73BF23FA972F00E96D57;
					};
				};
			};
			buildConfigurationList = FA1D73BB23FA972F00E96D57 /* Build configuration list for PBXProject "BankAccount" */;
			compatibilityVersion = "Xcode 9.3";
			developmentRegion = en;
			hasScannedForEncodings = 0;
			knownRegions = (
				en,
				Base,
			);
			mainGroup = FA1D73B723FA972F00E96D57;
			productRefGroup = FA1D73C123FA972F00E96D57 /* Products */;
			projectDirPath = "";
			projectRoot = "";
			targets = (
				FA1D73BF23FA972F00E96D57 /* BankAccount */,
				FA1D73D523FA973500E96D57 /* BankAccountTests */,
			);
		};
/* End PBXProject section */

/* Begin PBXResourcesBuildPhase section */
		FA1D73BE23FA972F00E96D57 /* Resources */ = {
			isa = PBXResourcesBuildPhase;
			buildActionMask = 2147483647;
			files = (
				FA1D73D023FA973400E96D57 /* LaunchScreen.storyboard in Resources */,
				FA1D73CD23FA973400E96D57 /* Assets.xcassets in Resources */,
				FA1D73CB23FA972F00E96D57 /* Main.storyboard in Resources */,
			);
			runOnlyForDeploymentPostprocessing = 0;
		};
		FA1D73D423FA973500E96D57 /* Resources */ = {
			isa = PBXResourcesBuildPhase;
			buildActionMask = 2147483647;
			files = (
			);
			runOnlyForDeploymentPostprocessing = 0;
		};
/* End PBXResourcesBuildPhase section */

/* Begin PBXSourcesBuildPhase section */
		FA1D73BC23FA972F00E96D57 /* Sources */ = {
			isa = PBXSourcesBuildPhase;
			buildActionMask = 2147483647;
			files = (
				FA37777A23FD0A660070A7E6 /* AmountValidator.swift in Sources */,
				FA1D73C823FA972F00E96D57 /* ViewController.swift in Sources */,
				FA1D73F123FAC11A00E96D57 /* LastNameValidator.swift in Sources */,
				FA37776E23FD00C40070A7E6 /* Transaction.swift in Sources */,
				FA1D73ED23FABBF200E96D57 /* FirstNameValidator.swift in Sources */,
				FA37777823FD09E60070A7E6 /* TransactionDescriptionValidator.swift in Sources */,
				FA37777623FD075A0070A7E6 /* SortingCodeValidator.swift in Sources */,
				FA37777023FD02350070A7E6 /* BankAccount.swift in Sources */,
				FA1D73F523FAC28B00E96D57 /* EmailAddressValidator.swift in Sources */,
				FA1D73E823FA9E0700E96D57 /* AccountOwner.swift in Sources */,
				FA37777223FD03CF0070A7E6 /* AccountNameValidator.swift in Sources */,
				FA1D73C423FA972F00E96D57 /* AppDelegate.swift in Sources */,
				FA1D73C623FA972F00E96D57 /* SceneDelegate.swift in Sources */,
				FA37777423FD053D0070A7E6 /* AccountNumberValidator.swift in Sources */,
			);
			runOnlyForDeploymentPostprocessing = 0;
		};
		FA1D73D223FA973500E96D57 /* Sources */ = {
			isa = PBXSourcesBuildPhase;
			buildActionMask = 2147483647;
			files = (
				FA37776C23FCFC920070A7E6 /* MockEmailAddressValidator.swift in Sources */,
				FA1D73DB23FA973500E96D57 /* BankAccountTests.swift in Sources */,
				FA1D73EF23FABF3B00E96D57 /* LastNameValidatorTests.swift in Sources */,
				FA37776A23FCFC2E0070A7E6 /* MockLastNameValidator.swift in Sources */,
				FA3970A023FBEDAE0054A86B /* MockFirstNameValidator.swift in Sources */,
				FA1D73EB23FAAAC800E96D57 /* FirstNameValidatorTests.swift in Sources */,
				FA1D73F323FAC1F700E96D57 /* EmailAddressValidatorTests.swift in Sources */,
				FA1D73E623FA97AC00E96D57 /* AccountOwnerTests.swift in Sources */,
			);
			runOnlyForDeploymentPostprocessing = 0;
		};
/* End PBXSourcesBuildPhase section */

/* Begin PBXTargetDependency section */
		FA1D73D823FA973500E96D57 /* PBXTargetDependency */ = {
			isa = PBXTargetDependency;
			target = FA1D73BF23FA972F00E96D57 /* BankAccount */;
			targetProxy = FA1D73D723FA973500E96D57 /* PBXContainerItemProxy */;
		};
/* End PBXTargetDependency section */

/* Begin PBXVariantGroup section */
		FA1D73C923FA972F00E96D57 /* Main.storyboard */ = {
			isa = PBXVariantGroup;
			children = (
				FA1D73CA23FA972F00E96D57 /* Base */,
			);
			name = Main.storyboard;
			sourceTree = "<group>";
		};
		FA1D73CE23FA973400E96D57 /* LaunchScreen.storyboard */ = {
			isa = PBXVariantGroup;
			children = (
				FA1D73CF23FA973400E96D57 /* Base */,
			);
			name = LaunchScreen.storyboard;
			sourceTree = "<group>";
		};
/* End PBXVariantGroup section */

/* Begin XCBuildConfiguration section */
		FA1D73DD23FA973500E96D57 /* Debug */ = {
			isa = XCBuildConfiguration;
			buildSettings = {
				ALWAYS_SEARCH_USER_PATHS = NO;
				CLANG_ANALYZER_NONNULL = YES;
				CLANG_ANALYZER_NUMBER_OBJECT_CONVERSION = YES_AGGRESSIVE;
				CLANG_CXX_LANGUAGE_STANDARD = "gnu++14";
				CLANG_CXX_LIBRARY = "libc++";
				CLANG_ENABLE_MODULES = YES;
				CLANG_ENABLE_OBJC_ARC = YES;
				CLANG_ENABLE_OBJC_WEAK = YES;
				CLANG_WARN_BLOCK_CAPTURE_AUTORELEASING = YES;
				CLANG_WARN_BOOL_CONVERSION = YES;
				CLANG_WARN_COMMA = YES;
				CLANG_WARN_CONSTANT_CONVERSION = YES;
				CLANG_WARN_DEPRECATED_OBJC_IMPLEMENTATIONS = YES;
				CLANG_WARN_DIRECT_OBJC_ISA_USAGE = YES_ERROR;
				CLANG_WARN_DOCUMENTATION_COMMENTS = YES;
				CLANG_WARN_EMPTY_BODY = YES;
				CLANG_WARN_ENUM_CONVERSION = YES;
				CLANG_WARN_INFINITE_RECURSION = YES;
				CLANG_WARN_INT_CONVERSION = YES;
				CLANG_WARN_NON_LITERAL_NULL_CONVERSION = YES;
				CLANG_WARN_OBJC_IMPLICIT_RETAIN_SELF = YES;
				CLANG_WARN_OBJC_LITERAL_CONVERSION = YES;
				CLANG_WARN_OBJC_ROOT_CLASS = YES_ERROR;
				CLANG_WARN_RANGE_LOOP_ANALYSIS = YES;
				CLANG_WARN_STRICT_PROTOTYPES = YES;
				CLANG_WARN_SUSPICIOUS_MOVE = YES;
				CLANG_WARN_UNGUARDED_AVAILABILITY = YES_AGGRESSIVE;
				CLANG_WARN_UNREACHABLE_CODE = YES;
				CLANG_WARN__DUPLICATE_METHOD_MATCH = YES;
				COPY_PHASE_STRIP = NO;
				DEBUG_INFORMATION_FORMAT = dwarf;
				ENABLE_STRICT_OBJC_MSGSEND = YES;
				ENABLE_TESTABILITY = YES;
				GCC_C_LANGUAGE_STANDARD = gnu11;
				GCC_DYNAMIC_NO_PIC = NO;
				GCC_NO_COMMON_BLOCKS = YES;
				GCC_OPTIMIZATION_LEVEL = 0;
				GCC_PREPROCESSOR_DEFINITIONS = (
					"DEBUG=1",
					"$(inherited)",
				);
				GCC_WARN_64_TO_32_BIT_CONVERSION = YES;
				GCC_WARN_ABOUT_RETURN_TYPE = YES_ERROR;
				GCC_WARN_UNDECLARED_SELECTOR = YES;
				GCC_WARN_UNINITIALIZED_AUTOS = YES_AGGRESSIVE;
				GCC_WARN_UNUSED_FUNCTION = YES;
				GCC_WARN_UNUSED_VARIABLE = YES;
				IPHONEOS_DEPLOYMENT_TARGET = 13.2;
				MTL_ENABLE_DEBUG_INFO = INCLUDE_SOURCE;
				MTL_FAST_MATH = YES;
				ONLY_ACTIVE_ARCH = YES;
				SDKROOT = iphoneos;
				SWIFT_ACTIVE_COMPILATION_CONDITIONS = DEBUG;
				SWIFT_OPTIMIZATION_LEVEL = "-Onone";
			};
			name = Debug;
		};
		FA1D73DE23FA973500E96D57 /* Release */ = {
			isa = XCBuildConfiguration;
			buildSettings = {
				ALWAYS_SEARCH_USER_PATHS = NO;
				CLANG_ANALYZER_NONNULL = YES;
				CLANG_ANALYZER_NUMBER_OBJECT_CONVERSION = YES_AGGRESSIVE;
				CLANG_CXX_LANGUAGE_STANDARD = "gnu++14";
				CLANG_CXX_LIBRARY = "libc++";
				CLANG_ENABLE_MODULES = YES;
				CLANG_ENABLE_OBJC_ARC = YES;
				CLANG_ENABLE_OBJC_WEAK = YES;
				CLANG_WARN_BLOCK_CAPTURE_AUTORELEASING = YES;
				CLANG_WARN_BOOL_CONVERSION = YES;
				CLANG_WARN_COMMA = YES;
				CLANG_WARN_CONSTANT_CONVERSION = YES;
				CLANG_WARN_DEPRECATED_OBJC_IMPLEMENTATIONS = YES;
				CLANG_WARN_DIRECT_OBJC_ISA_USAGE = YES_ERROR;
				CLANG_WARN_DOCUMENTATION_COMMENTS = YES;
				CLANG_WARN_EMPTY_BODY = YES;
				CLANG_WARN_ENUM_CONVERSION = YES;
				CLANG_WARN_INFINITE_RECURSION = YES;
				CLANG_WARN_INT_CONVERSION = YES;
				CLANG_WARN_NON_LITERAL_NULL_CONVERSION = YES;
				CLANG_WARN_OBJC_IMPLICIT_RETAIN_SELF = YES;
				CLANG_WARN_OBJC_LITERAL_CONVERSION = YES;
				CLANG_WARN_OBJC_ROOT_CLASS = YES_ERROR;
				CLANG_WARN_RANGE_LOOP_ANALYSIS = YES;
				CLANG_WARN_STRICT_PROTOTYPES = YES;
				CLANG_WARN_SUSPICIOUS_MOVE = YES;
				CLANG_WARN_UNGUARDED_AVAILABILITY = YES_AGGRESSIVE;
				CLANG_WARN_UNREACHABLE_CODE = YES;
				CLANG_WARN__DUPLICATE_METHOD_MATCH = YES;
				COPY_PHASE_STRIP = NO;
				DEBUG_INFORMATION_FORMAT = "dwarf-with-dsym";
				ENABLE_NS_ASSERTIONS = NO;
				ENABLE_STRICT_OBJC_MSGSEND = YES;
				GCC_C_LANGUAGE_STANDARD = gnu11;
				GCC_NO_COMMON_BLOCKS = YES;
				GCC_WARN_64_TO_32_BIT_CONVERSION = YES;
				GCC_WARN_ABOUT_RETURN_TYPE = YES_ERROR;
				GCC_WARN_UNDECLARED_SELECTOR = YES;
				GCC_WARN_UNINITIALIZED_AUTOS = YES_AGGRESSIVE;
				GCC_WARN_UNUSED_FUNCTION = YES;
				GCC_WARN_UNUSED_VARIABLE = YES;
				IPHONEOS_DEPLOYMENT_TARGET = 13.2;
				MTL_ENABLE_DEBUG_INFO = NO;
				MTL_FAST_MATH = YES;
				SDKROOT = iphoneos;
				SWIFT_COMPILATION_MODE = wholemodule;
				SWIFT_OPTIMIZATION_LEVEL = "-O";
				VALIDATE_PRODUCT = YES;
			};
			name = Release;
		};
		FA1D73E023FA973500E96D57 /* Debug */ = {
			isa = XCBuildConfiguration;
			buildSettings = {
				ASSETCATALOG_COMPILER_APPICON_NAME = AppIcon;
				CODE_SIGN_STYLE = Automatic;
				DEVELOPMENT_TEAM = 6Q233F3ZPX;
				INFOPLIST_FILE = BankAccount/Info.plist;
				LD_RUNPATH_SEARCH_PATHS = (
					"$(inherited)",
					"@executable_path/Frameworks",
				);
				PRODUCT_BUNDLE_IDENTIFIER = com.app.BankAccount;
				PRODUCT_NAME = "$(TARGET_NAME)";
				SWIFT_VERSION = 5.0;
				TARGETED_DEVICE_FAMILY = "1,2";
			};
			name = Debug;
		};
		FA1D73E123FA973500E96D57 /* Release */ = {
			isa = XCBuildConfiguration;
			buildSettings = {
				ASSETCATALOG_COMPILER_APPICON_NAME = AppIcon;
				CODE_SIGN_STYLE = Automatic;
				DEVELOPMENT_TEAM = 6Q233F3ZPX;
				INFOPLIST_FILE = BankAccount/Info.plist;
				LD_RUNPATH_SEARCH_PATHS = (
					"$(inherited)",
					"@executable_path/Frameworks",
				);
				PRODUCT_BUNDLE_IDENTIFIER = com.app.BankAccount;
				PRODUCT_NAME = "$(TARGET_NAME)";
				SWIFT_VERSION = 5.0;
				TARGETED_DEVICE_FAMILY = "1,2";
			};
			name = Release;
		};
		FA1D73E323FA973500E96D57 /* Debug */ = {
			isa = XCBuildConfiguration;
			buildSettings = {
				ALWAYS_EMBED_SWIFT_STANDARD_LIBRARIES = YES;
				BUNDLE_LOADER = "$(TEST_HOST)";
				CODE_SIGN_STYLE = Automatic;
				DEVELOPMENT_TEAM = 6Q233F3ZPX;
				INFOPLIST_FILE = BankAccountTests/Info.plist;
				IPHONEOS_DEPLOYMENT_TARGET = 13.2;
				LD_RUNPATH_SEARCH_PATHS = (
					"$(inherited)",
					"@executable_path/Frameworks",
					"@loader_path/Frameworks",
				);
				PRODUCT_BUNDLE_IDENTIFIER = com.app.BankAccountTests;
				PRODUCT_NAME = "$(TARGET_NAME)";
				SWIFT_VERSION = 5.0;
				TARGETED_DEVICE_FAMILY = "1,2";
				TEST_HOST = "$(BUILT_PRODUCTS_DIR)/BankAccount.app/BankAccount";
			};
			name = Debug;
		};
		FA1D73E423FA973500E96D57 /* Release */ = {
			isa = XCBuildConfiguration;
			buildSettings = {
				ALWAYS_EMBED_SWIFT_STANDARD_LIBRARIES = YES;
				BUNDLE_LOADER = "$(TEST_HOST)";
				CODE_SIGN_STYLE = Automatic;
				DEVELOPMENT_TEAM = 6Q233F3ZPX;
				INFOPLIST_FILE = BankAccountTests/Info.plist;
				IPHONEOS_DEPLOYMENT_TARGET = 13.2;
				LD_RUNPATH_SEARCH_PATHS = (
					"$(inherited)",
					"@executable_path/Frameworks",
					"@loader_path/Frameworks",
				);
				PRODUCT_BUNDLE_IDENTIFIER = com.app.BankAccountTests;
				PRODUCT_NAME = "$(TARGET_NAME)";
				SWIFT_VERSION = 5.0;
				TARGETED_DEVICE_FAMILY = "1,2";
				TEST_HOST = "$(BUILT_PRODUCTS_DIR)/BankAccount.app/BankAccount";
			};
			name = Release;
		};
/* End XCBuildConfiguration section */

/* Begin XCConfigurationList section */
		FA1D73BB23FA972F00E96D57 /* Build configuration list for PBXProject "BankAccount" */ = {
			isa = XCConfigurationList;
			buildConfigurations = (
				FA1D73DD23FA973500E96D57 /* Debug */,
				FA1D73DE23FA973500E96D57 /* Release */,
			);
			defaultConfigurationIsVisible = 0;
			defaultConfigurationName = Release;
		};
		FA1D73DF23FA973500E96D57 /* Build configuration list for PBXNativeTarget "BankAccount" */ = {
			isa = XCConfigurationList;
			buildConfigurations = (
				FA1D73E023FA973500E96D57 /* Debug */,
				FA1D73E123FA973500E96D57 /* Release */,
			);
			defaultConfigurationIsVisible = 0;
			defaultConfigurationName = Release;
		};
		FA1D73E223FA973500E96D57 /* Build configuration list for PBXNativeTarget "BankAccountTests" */ = {
			isa = XCConfigurationList;
			buildConfigurations = (
				FA1D73E323FA973500E96D57 /* Debug */,
				FA1D73E423FA973500E96D57 /* Release */,
			);
			defaultConfigurationIsVisible = 0;
			defaultConfigurationName = Release;
		};
/* End XCConfigurationList section */
	};
	rootObject = FA1D73B823FA972F00E96D57 /* Project object */;
}
